
Microsoft Visual Studio Solution File, Format Version 12.00
# Visual Studio Version 17
VisualStudioVersion = 17.10.34804.81
MinimumVisualStudioVersion = 10.0.40219.1
Project("{FAE04EC0-301F-11D3-BF4B-00C04F79EFBC}") = "ChainOfResp", "ChainOfResp\ChainOfResp.csproj", "{61921E64-7F6C-4262-B7E4-9E558DBCEA06}"
EndProject
Global
	GlobalSection(SolutionConfigurationPlatforms) = preSolution
		Debug|Any CPU = Debug|Any CPU
		Release|Any CPU = Release|Any CPU
	EndGlobalSection
	GlobalSection(ProjectConfigurationPlatforms) = postSolution
		{61921E64-7F6C-4262-B7E4-9E558DBCEA06}.Debug|Any CPU.ActiveCfg = Debug|Any CPU
		{61921E64-7F6C-4262-B7E4-9E558DBCEA06}.Debug|Any CPU.Build.0 = Debug|Any CPU
		{61921E64-7F6C-4262-B7E4-9E558DBCEA06}.Release|Any CPU.ActiveCfg = Release|Any CPU
		{61921E64-7F6C-4262-B7E4-9E558DBCEA06}.Release|Any CPU.Build.0 = Release|Any CPU
	EndGlobalSection
	GlobalSection(SolutionProperties) = preSolution
		HideSolutionNode = FALSE
	EndGlobalSection
	GlobalSection(ExtensibilityGlobals) = postSolution
		SolutionGuid = {28F05A16-0DAB-4B90-8AB5-0B50757B1176}
	EndGlobalSection
EndGlobal
